
Microsoft Visual Studio Solution File, Format Version 12.00
# Visual Studio Version 16
VisualStudioVersion = 16.0.31205.134
MinimumVisualStudioVersion = 10.0.40219.1
Project("{8BC9CEB8-8B4A-11D0-8D11-00A0C91BC942}") = "BallBlast", "BallBlast.vcxproj", "{42F54A8C-5AD5-4EFF-8D8E-B9F292A473BF}"
EndProject
Project("{54435603-DBB4-11D2-8724-00A0C9A8B90C}") = "BallBlastInstaller", "..\BallBlastSetup\BallBlastSetup.vdproj", "{06B1B7C6-EAFF-4D62-A1D0-E50F420B4210}"
EndProject
Global
	GlobalSection(SolutionConfigurationPlatforms) = preSolution
		Debug|x64 = Debug|x64
		Debug|x86 = Debug|x86
		Release|x64 = Release|x64
		Release|x86 = Release|x86
	EndGlobalSection
	GlobalSection(ProjectConfigurationPlatforms) = postSolution
		{42F54A8C-5AD5-4EFF-8D8E-B9F292A473BF}.Debug|x64.ActiveCfg = Debug|x64
		{42F54A8C-5AD5-4EFF-8D8E-B9F292A473BF}.Debug|x64.Build.0 = Debug|x64
		{42F54A8C-5AD5-4EFF-8D8E-B9F292A473BF}.Debug|x86.ActiveCfg = Debug|Win32
		{42F54A8C-5AD5-4EFF-8D8E-B9F292A473BF}.Debug|x86.Build.0 = Debug|Win32
		{42F54A8C-5AD5-4EFF-8D8E-B9F292A473BF}.Release|x64.ActiveCfg = Release|x64
		{42F54A8C-5AD5-4EFF-8D8E-B9F292A473BF}.Release|x64.Build.0 = Release|x64
		{42F54A8C-5AD5-4EFF-8D8E-B9F292A473BF}.Release|x86.ActiveCfg = Release|Win32
		{42F54A8C-5AD5-4EFF-8D8E-B9F292A473BF}.Release|x86.Build.0 = Release|Win32
		{06B1B7C6-EAFF-4D62-A1D0-E50F420B4210}.Debug|x64.ActiveCfg = Debug
		{06B1B7C6-EAFF-4D62-A1D0-E50F420B4210}.Debug|x86.ActiveCfg = Debug
		{06B1B7C6-EAFF-4D62-A1D0-E50F420B4210}.Release|x64.ActiveCfg = Release
		{06B1B7C6-EAFF-4D62-A1D0-E50F420B4210}.Release|x86.ActiveCfg = Release
	EndGlobalSection
	GlobalSection(SolutionProperties) = preSolution
		HideSolutionNode = FALSE
	EndGlobalSection
	GlobalSection(ExtensibilityGlobals) = postSolution
		SolutionGuid = {A2E27B91-9E56-4EC9-A225-0704FCC3A033}
	EndGlobalSection
EndGlobal
